PODS:
  - ZDMediator/All (0.3.4):
    - ZDMediator/Core
    - ZDMediator/DisableAssert
  - ZDMediator/Core (0.3.4):
    - ZDMediator/Invoke
  - ZDMediator/DisableAssert (0.3.4)
  - ZDMediator/Invoke (0.3.4)

DEPENDENCIES:
  - ZDMediator/All (from `../`)

EXTERNAL SOURCES:
  ZDMediator:
    :path: "../"

SPEC CHECKSUMS:
  ZDMediator: 9ee476b8cce164245050ce3d76ee4b97eb3c21ee

PODFILE CHECKSUM: c2ecbff5c5e6801e19e15eea8db7bdce6f13f196

COCOAPODS: 1.16.2
