PODS:
  - ZDMediator (0.4.3.1):
    - ZDMediator/Mediator (= 0.4.3.1)
  - ZDMediator/Mediator (0.4.3.1):
    - ZDMediator/Tools
  - ZDMediator/Tools (0.4.3.1)

DEPENDENCIES:
  - ZDMediator (from `../`)

EXTERNAL SOURCES:
  ZDMediator:
    :path: "../"

SPEC CHECKSUMS:
  ZDMediator: ce67afd665b151e418c669e604fc37d6283bb6cc

PODFILE CHECKSUM: c1d83561b2c0825ce845956b60ef00441ec3fc5c

COCOAPODS: 1.16.2
