PODS:
  - ZDMediator (0.3.2):
    - ZDMediator/Core (= 0.3.2)
  - ZDMediator/Core (0.3.2)

DEPENDENCIES:
  - ZDMediator (from `../`)

EXTERNAL SOURCES:
  ZDMediator:
    :path: "../"

SPEC CHECKSUMS:
  ZDMediator: 47af79665939069595db449b1dfe5c5f144b8462

PODFILE CHECKSUM: 59144f26b6a6959c012de8c3c66f2d43485aca8b

COCOAPODS: 1.15.2
